
Microsoft Visual Studio Solution File, Format Version 12.00
# Visual Studio Version 17
VisualStudioVersion = 17.2.32602.215
MinimumVisualStudioVersion = 10.0.40219.1
Project("{FAE04EC0-301F-11D3-BF4B-00C04F79EFBC}") = "dependency", "dependency\dependency.csproj", "{CC12A42C-4472-480D-94BD-12AEDEDC1C3B}"
EndProject
Global
	GlobalSection(SolutionConfigurationPlatforms) = preSolution
		Debug|Any CPU = Debug|Any CPU
		Release|Any CPU = Release|Any CPU
	EndGlobalSection
	GlobalSection(ProjectConfigurationPlatforms) = postSolution
		{CC12A42C-4472-480D-94BD-12AEDEDC1C3B}.Debug|Any CPU.ActiveCfg = Debug|Any CPU
		{CC12A42C-4472-480D-94BD-12AEDEDC1C3B}.Debug|Any CPU.Build.0 = Debug|Any CPU
		{CC12A42C-4472-480D-94BD-12AEDEDC1C3B}.Release|Any CPU.ActiveCfg = Release|Any CPU
		{CC12A42C-4472-480D-94BD-12AEDEDC1C3B}.Release|Any CPU.Build.0 = Release|Any CPU
	EndGlobalSection
	GlobalSection(SolutionProperties) = preSolution
		HideSolutionNode = FALSE
	EndGlobalSection
	GlobalSection(ExtensibilityGlobals) = postSolution
		SolutionGuid = {77DDAF0F-0593-4958-8222-CB454DD04B0B}
	EndGlobalSection
EndGlobal
